// !$*UTF8*$!
{
	archiveVersion = 1;
	classes = {
	};
	objectVersion = 51;
	objects = {

/* Begin PBXBuildFile section */
		04211C1C289EAD8B00EA848B /* FavoriteTableViewCell.swift in Sources */ = {isa = PBXBuildFile; fileRef = 04211C1A289EAD8B00EA848B /* FavoriteTableViewCell.swift */; };
		04211C1D289EAD8B00EA848B /* FavoriteTableViewCell.xib in Resources */ = {isa = PBXBuildFile; fileRef = 04211C1B289EAD8B00EA848B /* FavoriteTableViewCell.xib */; };
		0430C006289F8B0300983786 /* Precip1hr.swift in Sources */ = {isa = PBXBuildFile; fileRef = 0430BFE3289F8B0000983786 /* Precip1hr.swift */; };
		0430C007289F8B0300983786 /* PastHour.swift in Sources */ = {isa = PBXBuildFile; fileRef = 0430BFE4289F8B0000983786 /* PastHour.swift */; };
		0430C008289F8B0300983786 /* ApparentTemperature.swift in Sources */ = {isa = PBXBuildFile; fileRef = 0430BFE5289F8B0000983786 /* ApparentTemperature.swift */; };
		0430C009289F8B0300983786 /* Maximum.swift in Sources */ = {isa = PBXBuildFile; fileRef = 0430BFE6289F8B0000983786 /* Maximum.swift */; };
		0430C00A289F8B0300983786 /* RealFeelTemperature.swift in Sources */ = {isa = PBXBuildFile; fileRef = 0430BFE7289F8B0000983786 /* RealFeelTemperature.swift */; };
		0430C00B289F8B0300983786 /* Past12HourRange.swift in Sources */ = {isa = PBXBuildFile; fileRef = 0430BFE8289F8B0000983786 /* Past12HourRange.swift */; };
		0430C00C289F8B0300983786 /* Past12Hours.swift in Sources */ = {isa = PBXBuildFile; fileRef = 0430BFE9289F8B0100983786 /* Past12Hours.swift */; };
		0430C00D289F8B0300983786 /* DewPoint.swift in Sources */ = {isa = PBXBuildFile; fileRef = 0430BFEA289F8B0100983786 /* DewPoint.swift */; };
		0430C00E289F8B0300983786 /* Past18Hours.swift in Sources */ = {isa = PBXBuildFile; fileRef = 0430BFEB289F8B0100983786 /* Past18Hours.swift */; };
		0430C00F289F8B0300983786 /* Past24HourTemperatureDeparture.swift in Sources */ = {isa = PBXBuildFile; fileRef = 0430BFEC289F8B0100983786 /* Past24HourTemperatureDeparture.swift */; };
		0430C010289F8B0300983786 /* WindGust.swift in Sources */ = {isa = PBXBuildFile; fileRef = 0430BFED289F8B0100983786 /* WindGust.swift */; };
		0430C011289F8B0300983786 /* Ceiling.swift in Sources */ = {isa = PBXBuildFile; fileRef = 0430BFEE289F8B0100983786 /* Ceiling.swift */; };
		0430C012289F8B0300983786 /* TemperatureSummary.swift in Sources */ = {isa = PBXBuildFile; fileRef = 0430BFEF289F8B0100983786 /* TemperatureSummary.swift */; };
		0430C013289F8B0300983786 /* Wind.swift in Sources */ = {isa = PBXBuildFile; fileRef = 0430BFF0289F8B0100983786 /* Wind.swift */; };
		0430C014289F8B0300983786 /* CurrentLocation.swift in Sources */ = {isa = PBXBuildFile; fileRef = 0430BFF1289F8B0100983786 /* CurrentLocation.swift */; };
		0430C015289F8B0300983786 /* Speed.swift in Sources */ = {isa = PBXBuildFile; fileRef = 0430BFF2289F8B0100983786 /* Speed.swift */; };
		0430C016289F8B0300983786 /* Pressure.swift in Sources */ = {isa = PBXBuildFile; fileRef = 0430BFF3289F8B0200983786 /* Pressure.swift */; };
		0430C017289F8B0300983786 /* WetBulbTemperature.swift in Sources */ = {isa = PBXBuildFile; fileRef = 0430BFF4289F8B0200983786 /* WetBulbTemperature.swift */; };
		0430C018289F8B0300983786 /* Minimum.swift in Sources */ = {isa = PBXBuildFile; fileRef = 0430BFF5289F8B0200983786 /* Minimum.swift */; };
		0430C019289F8B0300983786 /* WindChillTemperature.swift in Sources */ = {isa = PBXBuildFile; fileRef = 0430BFF6289F8B0200983786 /* WindChillTemperature.swift */; };
		0430C01A289F8B0300983786 /* Past3Hours.swift in Sources */ = {isa = PBXBuildFile; fileRef = 0430BFF7289F8B0200983786 /* Past3Hours.swift */; };
		0430C01B289F8B0300983786 /* Imperial.swift in Sources */ = {isa = PBXBuildFile; fileRef = 0430BFF8289F8B0200983786 /* Imperial.swift */; };
		0430C01C289F8B0300983786 /* Precipitation.swift in Sources */ = {isa = PBXBuildFile; fileRef = 0430BFF9289F8B0200983786 /* Precipitation.swift */; };
		0430C01D289F8B0300983786 /* Past24HourRange.swift in Sources */ = {isa = PBXBuildFile; fileRef = 0430BFFA289F8B0200983786 /* Past24HourRange.swift */; };
		0430C01E289F8B0300983786 /* Past6Hours.swift in Sources */ = {isa = PBXBuildFile; fileRef = 0430BFFB289F8B0200983786 /* Past6Hours.swift */; };
		0430C01F289F8B0300983786 /* Metric.swift in Sources */ = {isa = PBXBuildFile; fileRef = 0430BFFC289F8B0200983786 /* Metric.swift */; };
		0430C020289F8B0300983786 /* Past24Hours.swift in Sources */ = {isa = PBXBuildFile; fileRef = 0430BFFD289F8B0200983786 /* Past24Hours.swift */; };
		0430C021289F8B0300983786 /* PressureTendency.swift in Sources */ = {isa = PBXBuildFile; fileRef = 0430BFFE289F8B0300983786 /* PressureTendency.swift */; };
		0430C022289F8B0300983786 /* Temperature.swift in Sources */ = {isa = PBXBuildFile; fileRef = 0430BFFF289F8B0300983786 /* Temperature.swift */; };
		0430C023289F8B0300983786 /* PrecipitationSummary.swift in Sources */ = {isa = PBXBuildFile; fileRef = 0430C000289F8B0300983786 /* PrecipitationSummary.swift */; };
		0430C024289F8B0300983786 /* Past9Hours.swift in Sources */ = {isa = PBXBuildFile; fileRef = 0430C001289F8B0300983786 /* Past9Hours.swift */; };
		0430C025289F8B0300983786 /* Past6HourRange.swift in Sources */ = {isa = PBXBuildFile; fileRef = 0430C002289F8B0300983786 /* Past6HourRange.swift */; };
		0430C026289F8B0300983786 /* Direction.swift in Sources */ = {isa = PBXBuildFile; fileRef = 0430C003289F8B0300983786 /* Direction.swift */; };
		0430C027289F8B0300983786 /* RealFeelTemperatureShade.swift in Sources */ = {isa = PBXBuildFile; fileRef = 0430C004289F8B0300983786 /* RealFeelTemperatureShade.swift */; };
		0430C028289F8B0300983786 /* Visibility.swift in Sources */ = {isa = PBXBuildFile; fileRef = 0430C005289F8B0300983786 /* Visibility.swift */; };
		0430C02E289FB0E400983786 /* MeasureType.swift in Sources */ = {isa = PBXBuildFile; fileRef = 0430C02D289FB0E400983786 /* MeasureType.swift */; };
		0430C031289FB3F700983786 /* WindType.swift in Sources */ = {isa = PBXBuildFile; fileRef = 0430C030289FB3F700983786 /* WindType.swift */; };
		0430C034289FB41000983786 /* ShowType.swift in Sources */ = {isa = PBXBuildFile; fileRef = 0430C033289FB41000983786 /* ShowType.swift */; };
		043E90E128A36D9D00662AB6 /* CardViewForHourViewController.swift in Sources */ = {isa = PBXBuildFile; fileRef = 043E90DF28A36D9D00662AB6 /* CardViewForHourViewController.swift */; };
		043E90E228A36D9D00662AB6 /* CardViewForHourViewController.xib in Resources */ = {isa = PBXBuildFile; fileRef = 043E90E028A36D9D00662AB6 /* CardViewForHourViewController.xib */; };
		043E90F328A3981C00662AB6 /* HourTableViewCell.swift in Sources */ = {isa = PBXBuildFile; fileRef = 043E90F128A3981C00662AB6 /* HourTableViewCell.swift */; };
		043E90F428A3981C00662AB6 /* HourTableViewCell.xib in Resources */ = {isa = PBXBuildFile; fileRef = 043E90F228A3981C00662AB6 /* HourTableViewCell.xib */; };
		0441431C289CDA6F00F7179A /* AppDelegate.swift in Sources */ = {isa = PBXBuildFile; fileRef = 0441431B289CDA6F00F7179A /* AppDelegate.swift */; };
		0441431E289CDA6F00F7179A /* SceneDelegate.swift in Sources */ = {isa = PBXBuildFile; fileRef = 0441431D289CDA6F00F7179A /* SceneDelegate.swift */; };
		04414325289CDA7200F7179A /* Assets.xcassets in Resources */ = {isa = PBXBuildFile; fileRef = 04414324289CDA7200F7179A /* Assets.xcassets */; };
		04414328289CDA7200F7179A /* LaunchScreen.storyboard in Resources */ = {isa = PBXBuildFile; fileRef = 04414326289CDA7200F7179A /* LaunchScreen.storyboard */; };
		04414337289CDB0000F7179A /* ToDayViewController.swift in Sources */ = {isa = PBXBuildFile; fileRef = 04414335289CDB0000F7179A /* ToDayViewController.swift */; };
		04414338289CDB0000F7179A /* ToDayViewController.xib in Resources */ = {isa = PBXBuildFile; fileRef = 04414336289CDB0000F7179A /* ToDayViewController.xib */; };
		0441433E289CDB3200F7179A /* APICaller.swift in Sources */ = {isa = PBXBuildFile; fileRef = 0441433D289CDB3200F7179A /* APICaller.swift */; };
		04424079289CF86A00E332D9 /* HourlyViewController.swift in Sources */ = {isa = PBXBuildFile; fileRef = 04424077289CF86A00E332D9 /* HourlyViewController.swift */; };
		0442407A289CF86A00E332D9 /* HourlyViewController.xib in Resources */ = {isa = PBXBuildFile; fileRef = 04424078289CF86A00E332D9 /* HourlyViewController.xib */; };
		0442407F289CF88500E332D9 /* ByDayViewController.swift in Sources */ = {isa = PBXBuildFile; fileRef = 0442407D289CF88500E332D9 /* ByDayViewController.swift */; };
		04424080289CF88500E332D9 /* ByDayViewController.xib in Resources */ = {isa = PBXBuildFile; fileRef = 0442407E289CF88500E332D9 /* ByDayViewController.xib */; };
		04424084289CF89400E332D9 /* RadaViewController.swift in Sources */ = {isa = PBXBuildFile; fileRef = 04424082289CF89400E332D9 /* RadaViewController.swift */; };
		04424085289CF89400E332D9 /* RadaViewController.xib in Resources */ = {isa = PBXBuildFile; fileRef = 04424083289CF89400E332D9 /* RadaViewController.xib */; };
		04424093289CFA0500E332D9 /* MainTabBarViewController.swift in Sources */ = {isa = PBXBuildFile; fileRef = 04424092289CFA0500E332D9 /* MainTabBarViewController.swift */; };
		04424099289CFCFE00E332D9 /* MenuViewController.swift in Sources */ = {isa = PBXBuildFile; fileRef = 04424097289CFCFE00E332D9 /* MenuViewController.swift */; };
		0442409A289CFCFE00E332D9 /* MenuViewController.xib in Resources */ = {isa = PBXBuildFile; fileRef = 04424098289CFCFE00E332D9 /* MenuViewController.xib */; };
		044240A4289D0A8800E332D9 /* SideMenuItem.swift in Sources */ = {isa = PBXBuildFile; fileRef = 044240A3289D0A8800E332D9 /* SideMenuItem.swift */; };
		044240CF289D279E00E332D9 /* DataManager.swift in Sources */ = {isa = PBXBuildFile; fileRef = 044240CE289D279E00E332D9 /* DataManager.swift */; };
		044240D2289D29E200E332D9 /* APIError.swift in Sources */ = {isa = PBXBuildFile; fileRef = 044240D1289D29E200E332D9 /* APIError.swift */; };
		044240D6289D2BA400E332D9 /* MenuHeaderView.swift in Sources */ = {isa = PBXBuildFile; fileRef = 044240D5289D2BA400E332D9 /* MenuHeaderView.swift */; };
		044240D9289D2C2100E332D9 /* MenuFooterView.swift in Sources */ = {isa = PBXBuildFile; fileRef = 044240D8289D2C2100E332D9 /* MenuFooterView.swift */; };
		044240DC289D379200E332D9 /* CircleView.swift in Sources */ = {isa = PBXBuildFile; fileRef = 044240DB289D379200E332D9 /* CircleView.swift */; };
		04494C8E289D611800672604 /* SearchLocationViewController.swift in Sources */ = {isa = PBXBuildFile; fileRef = 04494C8C289D611800672604 /* SearchLocationViewController.swift */; };
		04494C8F289D611800672604 /* SearchLocationViewController.xib in Resources */ = {isa = PBXBuildFile; fileRef = 04494C8D289D611800672604 /* SearchLocationViewController.xib */; };
		04494C95289D718500672604 /* ResultLoctionSearchViewController.swift in Sources */ = {isa = PBXBuildFile; fileRef = 04494C93289D718500672604 /* ResultLoctionSearchViewController.swift */; };
		04494C96289D718500672604 /* ResultLoctionSearchViewController.xib in Resources */ = {isa = PBXBuildFile; fileRef = 04494C94289D718500672604 /* ResultLoctionSearchViewController.xib */; };
		04494C9C289D72AC00672604 /* ResultLocationSearchTableViewCell.swift in Sources */ = {isa = PBXBuildFile; fileRef = 04494C9A289D72AC00672604 /* ResultLocationSearchTableViewCell.swift */; };
		04494C9D289D72AC00672604 /* ResultLocationSearchTableViewCell.xib in Resources */ = {isa = PBXBuildFile; fileRef = 04494C9B289D72AC00672604 /* ResultLocationSearchTableViewCell.xib */; };
		046676A5289E4CF500A19620 /* SearchLocation.swift in Sources */ = {isa = PBXBuildFile; fileRef = 046676A4289E4CF500A19620 /* SearchLocation.swift */; };
		046676A8289E4D2A00A19620 /* Country.swift in Sources */ = {isa = PBXBuildFile; fileRef = 046676A7289E4D2A00A19620 /* Country.swift */; };
		046676AB289E4D4600A19620 /* AdministrativeArea.swift in Sources */ = {isa = PBXBuildFile; fileRef = 046676AA289E4D4600A19620 /* AdministrativeArea.swift */; };
		046676AF289E5B5200A19620 /* LocationModel.xcdatamodeld in Sources */ = {isa = PBXBuildFile; fileRef = 046676AD289E5B5200A19620 /* LocationModel.xcdatamodeld */; };
		046676D1289E66A300A19620 /* Location+CoreDataProperties.swift in Sources */ = {isa = PBXBuildFile; fileRef = 046676CF289E66A300A19620 /* Location+CoreDataProperties.swift */; };
		046676D2289E66A300A19620 /* Location+CoreDataClass.swift in Sources */ = {isa = PBXBuildFile; fileRef = 046676D0289E66A300A19620 /* Location+CoreDataClass.swift */; };
		046676DC289E68AA00A19620 /* WeatherCollectionViewCell.swift in Sources */ = {isa = PBXBuildFile; fileRef = 046676DA289E68AA00A19620 /* WeatherCollectionViewCell.swift */; };
		046676DD289E68AA00A19620 /* WeatherCollectionViewCell.xib in Resources */ = {isa = PBXBuildFile; fileRef = 046676DB289E68AA00A19620 /* WeatherCollectionViewCell.xib */; };
		046676E7289E68D200A19620 /* ConditionCollectionViewCell.swift in Sources */ = {isa = PBXBuildFile; fileRef = 046676E5289E68D200A19620 /* ConditionCollectionViewCell.swift */; };
		046676E8289E68D200A19620 /* ConditionCollectionViewCell.xib in Resources */ = {isa = PBXBuildFile; fileRef = 046676E6289E68D200A19620 /* ConditionCollectionViewCell.xib */; };
		046676EC289E68E800A19620 /* AirConditonCollectionViewCell.swift in Sources */ = {isa = PBXBuildFile; fileRef = 046676EA289E68E800A19620 /* AirConditonCollectionViewCell.swift */; };
		046676ED289E68E800A19620 /* AirConditonCollectionViewCell.xib in Resources */ = {isa = PBXBuildFile; fileRef = 046676EB289E68E800A19620 /* AirConditonCollectionViewCell.xib */; };
		046676F2289E73AD00A19620 /* CardViewViewController.swift in Sources */ = {isa = PBXBuildFile; fileRef = 046676F0289E73AD00A19620 /* CardViewViewController.swift */; };
		046676F3289E73AD00A19620 /* CardViewViewController.xib in Resources */ = {isa = PBXBuildFile; fileRef = 046676F1289E73AD00A19620 /* CardViewViewController.xib */; };
		046676F8289E9F5000A19620 /* TestCoredataViewController.swift in Sources */ = {isa = PBXBuildFile; fileRef = 046676F6289E9F5000A19620 /* TestCoredataViewController.swift */; };
		046676F9289E9F5000A19620 /* TestCoredataViewController.xib in Resources */ = {isa = PBXBuildFile; fileRef = 046676F7289E9F5000A19620 /* TestCoredataViewController.xib */; };
		046B25E328A12CF900587267 /* DayNight.swift in Sources */ = {isa = PBXBuildFile; fileRef = 046B25E228A12CF900587267 /* DayNight.swift */; };
		046B25E628A12D3200587267 /* Headline.swift in Sources */ = {isa = PBXBuildFile; fileRef = 046B25E528A12D3200587267 /* Headline.swift */; };
		046B25E928A12D5B00587267 /* DailyForecasts.swift in Sources */ = {isa = PBXBuildFile; fileRef = 046B25E828A12D5B00587267 /* DailyForecasts.swift */; };
		046B25EC28A12DE100587267 /* Sun.swift in Sources */ = {isa = PBXBuildFile; fileRef = 046B25EB28A12DE100587267 /* Sun.swift */; };
		046B25EF28A12DF800587267 /* Moon.swift in Sources */ = {isa = PBXBuildFile; fileRef = 046B25EE28A12DF800587267 /* Moon.swift */; };
		046B25F228A12E5200587267 /* DegreeDaySummary.swift in Sources */ = {isa = PBXBuildFile; fileRef = 046B25F128A12E5200587267 /* DegreeDaySummary.swift */; };
		046B25F528A12E6800587267 /* Heating.swift in Sources */ = {isa = PBXBuildFile; fileRef = 046B25F428A12E6800587267 /* Heating.swift */; };
		046B25F828A12E9900587267 /* Cooling.swift in Sources */ = {isa = PBXBuildFile; fileRef = 046B25F728A12E9900587267 /* Cooling.swift */; };
		046B25FB28A12EAF00587267 /* AirAndPollen.swift in Sources */ = {isa = PBXBuildFile; fileRef = 046B25FA28A12EAF00587267 /* AirAndPollen.swift */; };
		046B25FE28A12EDC00587267 /* Day.swift in Sources */ = {isa = PBXBuildFile; fileRef = 046B25FD28A12EDC00587267 /* Day.swift */; };
		046B260128A12F3800587267 /* Rain.swift in Sources */ = {isa = PBXBuildFile; fileRef = 046B260028A12F3800587267 /* Rain.swift */; };
		046B260428A12F6500587267 /* Snow1.swift in Sources */ = {isa = PBXBuildFile; fileRef = 046B260328A12F6500587267 /* Snow1.swift */; };
		046B260728A12F8B00587267 /* Ice.swift in Sources */ = {isa = PBXBuildFile; fileRef = 046B260628A12F8B00587267 /* Ice.swift */; };
		046B260A28A12FA900587267 /* Evapotranspiration.swift in Sources */ = {isa = PBXBuildFile; fileRef = 046B260928A12FA900587267 /* Evapotranspiration.swift */; };
		046B260D28A12FC200587267 /* SolarIrradiance.swift in Sources */ = {isa = PBXBuildFile; fileRef = 046B260C28A12FC200587267 /* SolarIrradiance.swift */; };
		046B261028A1304000587267 /* Night.swift in Sources */ = {isa = PBXBuildFile; fileRef = 046B260F28A1304000587267 /* Night.swift */; };
		046B261328A1309900587267 /* TotalLiquid.swift in Sources */ = {isa = PBXBuildFile; fileRef = 046B261228A1309900587267 /* TotalLiquid.swift */; };
		046B6DBA28A0B70200D30EAA /* MoreConditionDeatailViewController.swift in Sources */ = {isa = PBXBuildFile; fileRef = 046B6DB828A0B70200D30EAA /* MoreConditionDeatailViewController.swift */; };
		046B6DBB28A0B70200D30EAA /* MoreConditionDeatailViewController.xib in Resources */ = {isa = PBXBuildFile; fileRef = 046B6DB928A0B70200D30EAA /* MoreConditionDeatailViewController.xib */; };
		0476EC62289E0E780098E098 /* SettingViewController.swift in Sources */ = {isa = PBXBuildFile; fileRef = 0476EC60289E0E780098E098 /* SettingViewController.swift */; };
		0476EC63289E0E780098E098 /* SettingViewController.xib in Resources */ = {isa = PBXBuildFile; fileRef = 0476EC61289E0E780098E098 /* SettingViewController.xib */; };
		0484E7CB28A000BF00BDF82E /* LocationByGeoposition.swift in Sources */ = {isa = PBXBuildFile; fileRef = 0484E7CA28A000BF00BDF82E /* LocationByGeoposition.swift */; };
		04A5BBDA28A17EE6003D95CF /* Ice2.swift in Sources */ = {isa = PBXBuildFile; fileRef = 04A5BBC828A17EE5003D95CF /* Ice2.swift */; };
		04A5BBDB28A17EE6003D95CF /* Rain2.swift in Sources */ = {isa = PBXBuildFile; fileRef = 04A5BBC928A17EE5003D95CF /* Rain2.swift */; };
		04A5BBDC28A17EE6003D95CF /* Temperature2.swift in Sources */ = {isa = PBXBuildFile; fileRef = 04A5BBCA28A17EE5003D95CF /* Temperature2.swift */; };
		04A5BBDD28A17EE6003D95CF /* WetBulbTemperature2.swift in Sources */ = {isa = PBXBuildFile; fileRef = 04A5BBCB28A17EE5003D95CF /* WetBulbTemperature2.swift */; };
		04A5BBDE28A17EE6003D95CF /* WindGust2.swift in Sources */ = {isa = PBXBuildFile; fileRef = 04A5BBCC28A17EE5003D95CF /* WindGust2.swift */; };
		04A5BBDF28A17EE6003D95CF /* DewPoint2.swift in Sources */ = {isa = PBXBuildFile; fileRef = 04A5BBCD28A17EE5003D95CF /* DewPoint2.swift */; };
		04A5BBE028A17EE6003D95CF /* Ceiling2.swift in Sources */ = {isa = PBXBuildFile; fileRef = 04A5BBCE28A17EE5003D95CF /* Ceiling2.swift */; };
		04A5BBE128A17EE6003D95CF /* SolarIrradiance2.swift in Sources */ = {isa = PBXBuildFile; fileRef = 04A5BBCF28A17EE5003D95CF /* SolarIrradiance2.swift */; };
		04A5BBE228A17EE6003D95CF /* Speed2.swift in Sources */ = {isa = PBXBuildFile; fileRef = 04A5BBD028A17EE5003D95CF /* Speed2.swift */; };
		04A5BBE328A17EE6003D95CF /* Direction2.swift in Sources */ = {isa = PBXBuildFile; fileRef = 04A5BBD128A17EE5003D95CF /* Direction2.swift */; };
		04A5BBE428A17EE6003D95CF /* Snow2.swift in Sources */ = {isa = PBXBuildFile; fileRef = 04A5BBD228A17EE6003D95CF /* Snow2.swift */; };
		04A5BBE528A17EE6003D95CF /* Evapotranspiration2.swift in Sources */ = {isa = PBXBuildFile; fileRef = 04A5BBD328A17EE6003D95CF /* Evapotranspiration2.swift */; };
		04A5BBE628A17EE6003D95CF /* Visibility2.swift in Sources */ = {isa = PBXBuildFile; fileRef = 04A5BBD428A17EE6003D95CF /* Visibility2.swift */; };
		04A5BBE728A17EE6003D95CF /* Next12.swift in Sources */ = {isa = PBXBuildFile; fileRef = 04A5BBD528A17EE6003D95CF /* Next12.swift */; };
		04A5BBE828A17EE6003D95CF /* TotalLiquid2.swift in Sources */ = {isa = PBXBuildFile; fileRef = 04A5BBD628A17EE6003D95CF /* TotalLiquid2.swift */; };
		04A5BBE928A17EE6003D95CF /* Wind2.swift in Sources */ = {isa = PBXBuildFile; fileRef = 04A5BBD728A17EE6003D95CF /* Wind2.swift */; };
		04A5BBEA28A17EE6003D95CF /* RealFeelTemperatureShade2.swift in Sources */ = {isa = PBXBuildFile; fileRef = 04A5BBD828A17EE6003D95CF /* RealFeelTemperatureShade2.swift */; };
		04A5BBEB28A17EE6003D95CF /* RealFeelTemperature2.swift in Sources */ = {isa = PBXBuildFile; fileRef = 04A5BBD928A17EE6003D95CF /* RealFeelTemperature2.swift */; };
		E210FF90CE109D1E9CA3467B /* Pods_WeatherSimple.framework in Frameworks */ = {isa = PBXBuildFile; fileRef = CB715F473D4C664C4E73F963 /* Pods_WeatherSimple.framework */; };
/* End PBXBuildFile section */

/* Begin PBXFileReference section */
		04211C1A289EAD8B00EA848B /* FavoriteTableViewCell.swift */ = {isa = PBXFileReference; lastKnownFileType = sourcecode.swift; path = FavoriteTableViewCell.swift; sourceTree = "<group>"; };
		04211C1B289EAD8B00EA848B /* FavoriteTableViewCell.xib */ = {isa = PBXFileReference; lastKnownFileType = file.xib; path = FavoriteTableViewCell.xib; sourceTree = "<group>"; };
		0430BFE3289F8B0000983786 /* Precip1hr.swift */ = {isa = PBXFileReference; fileEncoding = 4; lastKnownFileType = sourcecode.swift; path = Precip1hr.swift; sourceTree = "<group>"; };
		0430BFE4289F8B0000983786 /* PastHour.swift */ = {isa = PBXFileReference; fileEncoding = 4; lastKnownFileType = sourcecode.swift; path = PastHour.swift; sourceTree = "<group>"; };
		0430BFE5289F8B0000983786 /* ApparentTemperature.swift */ = {isa = PBXFileReference; fileEncoding = 4; lastKnownFileType = sourcecode.swift; path = ApparentTemperature.swift; sourceTree = "<group>"; };
		0430BFE6289F8B0000983786 /* Maximum.swift */ = {isa = PBXFileReference; fileEncoding = 4; lastKnownFileType = sourcecode.swift; path = Maximum.swift; sourceTree = "<group>"; };
		0430BFE7289F8B0000983786 /* RealFeelTemperature.swift */ = {isa = PBXFileReference; fileEncoding = 4; lastKnownFileType = sourcecode.swift; path = RealFeelTemperature.swift; sourceTree = "<group>"; };
		0430BFE8289F8B0000983786 /* Past12HourRange.swift */ = {isa = PBXFileReference; fileEncoding = 4; lastKnownFileType = sourcecode.swift; path = Past12HourRange.swift; sourceTree = "<group>"; };
		0430BFE9289F8B0100983786 /* Past12Hours.swift */ = {isa = PBXFileReference; fileEncoding = 4; lastKnownFileType = sourcecode.swift; path = Past12Hours.swift; sourceTree = "<group>"; };
		0430BFEA289F8B0100983786 /* DewPoint.swift */ = {isa = PBXFileReference; fileEncoding = 4; lastKnownFileType = sourcecode.swift; path = DewPoint.swift; sourceTree = "<group>"; };
		0430BFEB289F8B0100983786 /* Past18Hours.swift */ = {isa = PBXFileReference; fileEncoding = 4; lastKnownFileType = sourcecode.swift; path = Past18Hours.swift; sourceTree = "<group>"; };
		0430BFEC289F8B0100983786 /* Past24HourTemperatureDeparture.swift */ = {isa = PBXFileReference; fileEncoding = 4; lastKnownFileType = sourcecode.swift; path = Past24HourTemperatureDeparture.swift; sourceTree = "<group>"; };
		0430BFED289F8B0100983786 /* WindGust.swift */ = {isa = PBXFileReference; fileEncoding = 4; lastKnownFileType = sourcecode.swift; path = WindGust.swift; sourceTree = "<group>"; };
		0430BFEE289F8B0100983786 /* Ceiling.swift */ = {isa = PBXFileReference; fileEncoding = 4; lastKnownFileType = sourcecode.swift; path = Ceiling.swift; sourceTree = "<group>"; };
		0430BFEF289F8B0100983786 /* TemperatureSummary.swift */ = {isa = PBXFileReference; fileEncoding = 4; lastKnownFileType = sourcecode.swift; path = TemperatureSummary.swift; sourceTree = "<group>"; };
		0430BFF0289F8B0100983786 /* Wind.swift */ = {isa = PBXFileReference; fileEncoding = 4; lastKnownFileType = sourcecode.swift; path = Wind.swift; sourceTree = "<group>"; };
		0430BFF1289F8B0100983786 /* CurrentLocation.swift */ = {isa = PBXFileReference; fileEncoding = 4; lastKnownFileType = sourcecode.swift; path = CurrentLocation.swift; sourceTree = "<group>"; };
		0430BFF2289F8B0100983786 /* Speed.swift */ = {isa = PBXFileReference; fileEncoding = 4; lastKnownFileType = sourcecode.swift; path = Speed.swift; sourceTree = "<group>"; };
		0430BFF3289F8B0200983786 /* Pressure.swift */ = {isa = PBXFileReference; fileEncoding = 4; lastKnownFileType = sourcecode.swift; path = Pressure.swift; sourceTree = "<group>"; };
		0430BFF4289F8B0200983786 /* WetBulbTemperature.swift */ = {isa = PBXFileReference; fileEncoding = 4; lastKnownFileType = sourcecode.swift; path = WetBulbTemperature.swift; sourceTree = "<group>"; };
		0430BFF5289F8B0200983786 /* Minimum.swift */ = {isa = PBXFileReference; fileEncoding = 4; lastKnownFileType = sourcecode.swift; path = Minimum.swift; sourceTree = "<group>"; };
		0430BFF6289F8B0200983786 /* WindChillTemperature.swift */ = {isa = PBXFileReference; fileEncoding = 4; lastKnownFileType = sourcecode.swift; path = WindChillTemperature.swift; sourceTree = "<group>"; };
		0430BFF7289F8B0200983786 /* Past3Hours.swift */ = {isa = PBXFileReference; fileEncoding = 4; lastKnownFileType = sourcecode.swift; path = Past3Hours.swift; sourceTree = "<group>"; };
		0430BFF8289F8B0200983786 /* Imperial.swift */ = {isa = PBXFileReference; fileEncoding = 4; lastKnownFileType = sourcecode.swift; path = Imperial.swift; sourceTree = "<group>"; };
		0430BFF9289F8B0200983786 /* Precipitation.swift */ = {isa = PBXFileReference; fileEncoding = 4; lastKnownFileType = sourcecode.swift; path = Precipitation.swift; sourceTree = "<group>"; };
		0430BFFA289F8B0200983786 /* Past24HourRange.swift */ = {isa = PBXFileReference; fileEncoding = 4; lastKnownFileType = sourcecode.swift; path = Past24HourRange.swift; sourceTree = "<group>"; };
		0430BFFB289F8B0200983786 /* Past6Hours.swift */ = {isa = PBXFileReference; fileEncoding = 4; lastKnownFileType = sourcecode.swift; path = Past6Hours.swift; sourceTree = "<group>"; };
		0430BFFC289F8B0200983786 /* Metric.swift */ = {isa = PBXFileReference; fileEncoding = 4; lastKnownFileType = sourcecode.swift; path = Metric.swift; sourceTree = "<group>"; };
		0430BFFD289F8B0200983786 /* Past24Hours.swift */ = {isa = PBXFileReference; fileEncoding = 4; lastKnownFileType = sourcecode.swift; path = Past24Hours.swift; sourceTree = "<group>"; };
		0430BFFE289F8B0300983786 /* PressureTendency.swift */ = {isa = PBXFileReference; fileEncoding = 4; lastKnownFileType = sourcecode.swift; path = PressureTendency.swift; sourceTree = "<group>"; };
		0430BFFF289F8B0300983786 /* Temperature.swift */ = {isa = PBXFileReference; fileEncoding = 4; lastKnownFileType = sourcecode.swift; path = Temperature.swift; sourceTree = "<group>"; };
		0430C000289F8B0300983786 /* PrecipitationSummary.swift */ = {isa = PBXFileReference; fileEncoding = 4; lastKnownFileType = sourcecode.swift; path = PrecipitationSummary.swift; sourceTree = "<group>"; };
		0430C001289F8B0300983786 /* Past9Hours.swift */ = {isa = PBXFileReference; fileEncoding = 4; lastKnownFileType = sourcecode.swift; path = Past9Hours.swift; sourceTree = "<group>"; };
		0430C002289F8B0300983786 /* Past6HourRange.swift */ = {isa = PBXFileReference; fileEncoding = 4; lastKnownFileType = sourcecode.swift; path = Past6HourRange.swift; sourceTree = "<group>"; };
		0430C003289F8B0300983786 /* Direction.swift */ = {isa = PBXFileReference; fileEncoding = 4; lastKnownFileType = sourcecode.swift; path = Direction.swift; sourceTree = "<group>"; };
		0430C004289F8B0300983786 /* RealFeelTemperatureShade.swift */ = {isa = PBXFileReference; fileEncoding = 4; lastKnownFileType = sourcecode.swift; path = RealFeelTemperatureShade.swift; sourceTree = "<group>"; };
		0430C005289F8B0300983786 /* Visibility.swift */ = {isa = PBXFileReference; fileEncoding = 4; lastKnownFileType = sourcecode.swift; path = Visibility.swift; sourceTree = "<group>"; };
		0430C02D289FB0E400983786 /* MeasureType.swift */ = {isa = PBXFileReference; lastKnownFileType = sourcecode.swift; path = MeasureType.swift; sourceTree = "<group>"; };
		0430C030289FB3F700983786 /* WindType.swift */ = {isa = PBXFileReference; lastKnownFileType = sourcecode.swift; path = WindType.swift; sourceTree = "<group>"; };
		0430C033289FB41000983786 /* ShowType.swift */ = {isa = PBXFileReference; lastKnownFileType = sourcecode.swift; path = ShowType.swift; sourceTree = "<group>"; };
		043E90DF28A36D9D00662AB6 /* CardViewForHourViewController.swift */ = {isa = PBXFileReference; lastKnownFileType = sourcecode.swift; path = CardViewForHourViewController.swift; sourceTree = "<group>"; };
		043E90E028A36D9D00662AB6 /* CardViewForHourViewController.xib */ = {isa = PBXFileReference; lastKnownFileType = file.xib; path = CardViewForHourViewController.xib; sourceTree = "<group>"; };
		043E90F128A3981C00662AB6 /* HourTableViewCell.swift */ = {isa = PBXFileReference; lastKnownFileType = sourcecode.swift; path = HourTableViewCell.swift; sourceTree = "<group>"; };
		043E90F228A3981C00662AB6 /* HourTableViewCell.xib */ = {isa = PBXFileReference; lastKnownFileType = file.xib; path = HourTableViewCell.xib; sourceTree = "<group>"; };
		04414318289CDA6F00F7179A /* WeatherSimple.app */ = {isa = PBXFileReference; explicitFileType = wrapper.application; includeInIndex = 0; path = WeatherSimple.app; sourceTree = BUILT_PRODUCTS_DIR; };
		0441431B289CDA6F00F7179A /* AppDelegate.swift */ = {isa = PBXFileReference; lastKnownFileType = sourcecode.swift; path = AppDelegate.swift; sourceTree = "<group>"; };
		0441431D289CDA6F00F7179A /* SceneDelegate.swift */ = {isa = PBXFileReference; lastKnownFileType = sourcecode.swift; path = SceneDelegate.swift; sourceTree = "<group>"; };
		04414324289CDA7200F7179A /* Assets.xcassets */ = {isa = PBXFileReference; lastKnownFileType = folder.assetcatalog; path = Assets.xcassets; sourceTree = "<group>"; };
		04414327289CDA7200F7179A /* Base */ = {isa = PBXFileReference; lastKnownFileType = file.storyboard; name = Base; path = Base.lproj/LaunchScreen.storyboard; sourceTree = "<group>"; };
		04414329289CDA7200F7179A /* Info.plist */ = {isa = PBXFileReference; lastKnownFileType = text.plist.xml; path = Info.plist; sourceTree = "<group>"; };
		04414335289CDB0000F7179A /* ToDayViewController.swift */ = {isa = PBXFileReference; lastKnownFileType = sourcecode.swift; path = ToDayViewController.swift; sourceTree = "<group>"; };
		04414336289CDB0000F7179A /* ToDayViewController.xib */ = {isa = PBXFileReference; lastKnownFileType = file.xib; path = ToDayViewController.xib; sourceTree = "<group>"; };
		0441433D289CDB3200F7179A /* APICaller.swift */ = {isa = PBXFileReference; lastKnownFileType = sourcecode.swift; path = APICaller.swift; sourceTree = "<group>"; };
		04424077289CF86A00E332D9 /* HourlyViewController.swift */ = {isa = PBXFileReference; lastKnownFileType = sourcecode.swift; path = HourlyViewController.swift; sourceTree = "<group>"; };
		04424078289CF86A00E332D9 /* HourlyViewController.xib */ = {isa = PBXFileReference; lastKnownFileType = file.xib; path = HourlyViewController.xib; sourceTree = "<group>"; };
		0442407D289CF88500E332D9 /* ByDayViewController.swift */ = {isa = PBXFileReference; lastKnownFileType = sourcecode.swift; path = ByDayViewController.swift; sourceTree = "<group>"; };
		0442407E289CF88500E332D9 /* ByDayViewController.xib */ = {isa = PBXFileReference; lastKnownFileType = file.xib; path = ByDayViewController.xib; sourceTree = "<group>"; };
		04424082289CF89400E332D9 /* RadaViewController.swift */ = {isa = PBXFileReference; lastKnownFileType = sourcecode.swift; path = RadaViewController.swift; sourceTree = "<group>"; };
		04424083289CF89400E332D9 /* RadaViewController.xib */ = {isa = PBXFileReference; lastKnownFileType = file.xib; path = RadaViewController.xib; sourceTree = "<group>"; };
		04424092289CFA0500E332D9 /* MainTabBarViewController.swift */ = {isa = PBXFileReference; lastKnownFileType = sourcecode.swift; path = MainTabBarViewController.swift; sourceTree = "<group>"; };
		04424097289CFCFE00E332D9 /* MenuViewController.swift */ = {isa = PBXFileReference; lastKnownFileType = sourcecode.swift; path = MenuViewController.swift; sourceTree = "<group>"; };
		04424098289CFCFE00E332D9 /* MenuViewController.xib */ = {isa = PBXFileReference; lastKnownFileType = file.xib; path = MenuViewController.xib; sourceTree = "<group>"; };
		044240A3289D0A8800E332D9 /* SideMenuItem.swift */ = {isa = PBXFileReference; lastKnownFileType = sourcecode.swift; path = SideMenuItem.swift; sourceTree = "<group>"; };
		044240CE289D279E00E332D9 /* DataManager.swift */ = {isa = PBXFileReference; lastKnownFileType = sourcecode.swift; path = DataManager.swift; sourceTree = "<group>"; };
		044240D1289D29E200E332D9 /* APIError.swift */ = {isa = PBXFileReference; lastKnownFileType = sourcecode.swift; path = APIError.swift; sourceTree = "<group>"; };
		044240D5289D2BA400E332D9 /* MenuHeaderView.swift */ = {isa = PBXFileReference; lastKnownFileType = sourcecode.swift; path = MenuHeaderView.swift; sourceTree = "<group>"; };
		044240D8289D2C2100E332D9 /* MenuFooterView.swift */ = {isa = PBXFileReference; lastKnownFileType = sourcecode.swift; path = MenuFooterView.swift; sourceTree = "<group>"; };
		044240DB289D379200E332D9 /* CircleView.swift */ = {isa = PBXFileReference; lastKnownFileType = sourcecode.swift; path = CircleView.swift; sourceTree = "<group>"; };
		04494C8C289D611800672604 /* SearchLocationViewController.swift */ = {isa = PBXFileReference; lastKnownFileType = sourcecode.swift; path = SearchLocationViewController.swift; sourceTree = "<group>"; };
		04494C8D289D611800672604 /* SearchLocationViewController.xib */ = {isa = PBXFileReference; lastKnownFileType = file.xib; path = SearchLocationViewController.xib; sourceTree = "<group>"; };
		04494C93289D718500672604 /* ResultLoctionSearchViewController.swift */ = {isa = PBXFileReference; lastKnownFileType = sourcecode.swift; path = ResultLoctionSearchViewController.swift; sourceTree = "<group>"; };
		04494C94289D718500672604 /* ResultLoctionSearchViewController.xib */ = {isa = PBXFileReference; lastKnownFileType = file.xib; path = ResultLoctionSearchViewController.xib; sourceTree = "<group>"; };
		04494C9A289D72AC00672604 /* ResultLocationSearchTableViewCell.swift */ = {isa = PBXFileReference; lastKnownFileType = sourcecode.swift; path = ResultLocationSearchTableViewCell.swift; sourceTree = "<group>"; };
		04494C9B289D72AC00672604 /* ResultLocationSearchTableViewCell.xib */ = {isa = PBXFileReference; lastKnownFileType = file.xib; path = ResultLocationSearchTableViewCell.xib; sourceTree = "<group>"; };
		046676A4289E4CF500A19620 /* SearchLocation.swift */ = {isa = PBXFileReference; lastKnownFileType = sourcecode.swift; path = SearchLocation.swift; sourceTree = "<group>"; };
		046676A7289E4D2A00A19620 /* Country.swift */ = {isa = PBXFileReference; lastKnownFileType = sourcecode.swift; path = Country.swift; sourceTree = "<group>"; };
		046676AA289E4D4600A19620 /* AdministrativeArea.swift */ = {isa = PBXFileReference; lastKnownFileType = sourcecode.swift; path = AdministrativeArea.swift; sourceTree = "<group>"; };
		046676AE289E5B5200A19620 /* LocationModel.xcdatamodel */ = {isa = PBXFileReference; lastKnownFileType = wrapper.xcdatamodel; path = LocationModel.xcdatamodel; sourceTree = "<group>"; };
		046676CF289E66A300A19620 /* Location+CoreDataProperties.swift */ = {isa = PBXFileReference; fileEncoding = 4; lastKnownFileType = sourcecode.swift; path = "Location+CoreDataProperties.swift"; sourceTree = "<group>"; };
		046676D0289E66A300A19620 /* Location+CoreDataClass.swift */ = {isa = PBXFileReference; fileEncoding = 4; lastKnownFileType = sourcecode.swift; path = "Location+CoreDataClass.swift"; sourceTree = "<group>"; };
		046676DA289E68AA00A19620 /* WeatherCollectionViewCell.swift */ = {isa = PBXFileReference; lastKnownFileType = sourcecode.swift; path = WeatherCollectionViewCell.swift; sourceTree = "<group>"; };
		046676DB289E68AA00A19620 /* WeatherCollectionViewCell.xib */ = {isa = PBXFileReference; lastKnownFileType = file.xib; path = WeatherCollectionViewCell.xib; sourceTree = "<group>"; };
		046676E5289E68D200A19620 /* ConditionCollectionViewCell.swift */ = {isa = PBXFileReference; lastKnownFileType = sourcecode.swift; path = ConditionCollectionViewCell.swift; sourceTree = "<group>"; };
		046676E6289E68D200A19620 /* ConditionCollectionViewCell.xib */ = {isa = PBXFileReference; lastKnownFileType = file.xib; path = ConditionCollectionViewCell.xib; sourceTree = "<group>"; };
		046676EA289E68E800A19620 /* AirConditonCollectionViewCell.swift */ = {isa = PBXFileReference; lastKnownFileType = sourcecode.swift; path = AirConditonCollectionViewCell.swift; sourceTree = "<group>"; };
		046676EB289E68E800A19620 /* AirConditonCollectionViewCell.xib */ = {isa = PBXFileReference; lastKnownFileType = file.xib; path = AirConditonCollectionViewCell.xib; sourceTree = "<group>"; };
		046676F0289E73AD00A19620 /* CardViewViewController.swift */ = {isa = PBXFileReference; lastKnownFileType = sourcecode.swift; path = CardViewViewController.swift; sourceTree = "<group>"; };
		046676F1289E73AD00A19620 /* CardViewViewController.xib */ = {isa = PBXFileReference; lastKnownFileType = file.xib; path = CardViewViewController.xib; sourceTree = "<group>"; };
		046676F6289E9F5000A19620 /* TestCoredataViewController.swift */ = {isa = PBXFileReference; lastKnownFileType = sourcecode.swift; path = TestCoredataViewController.swift; sourceTree = "<group>"; };
		046676F7289E9F5000A19620 /* TestCoredataViewController.xib */ = {isa = PBXFileReference; lastKnownFileType = file.xib; path = TestCoredataViewController.xib; sourceTree = "<group>"; };
		046B25E228A12CF900587267 /* DayNight.swift */ = {isa = PBXFileReference; lastKnownFileType = sourcecode.swift; path = DayNight.swift; sourceTree = "<group>"; };
		046B25E528A12D3200587267 /* Headline.swift */ = {isa = PBXFileReference; lastKnownFileType = sourcecode.swift; path = Headline.swift; sourceTree = "<group>"; };
		046B25E828A12D5B00587267 /* DailyForecasts.swift */ = {isa = PBXFileReference; lastKnownFileType = sourcecode.swift; path = DailyForecasts.swift; sourceTree = "<group>"; };
		046B25EB28A12DE100587267 /* Sun.swift */ = {isa = PBXFileReference; lastKnownFileType = sourcecode.swift; path = Sun.swift; sourceTree = "<group>"; };
		046B25EE28A12DF800587267 /* Moon.swift */ = {isa = PBXFileReference; lastKnownFileType = sourcecode.swift; path = Moon.swift; sourceTree = "<group>"; };
		046B25F128A12E5200587267 /* DegreeDaySummary.swift */ = {isa = PBXFileReference; lastKnownFileType = sourcecode.swift; path = DegreeDaySummary.swift; sourceTree = "<group>"; };
		046B25F428A12E6800587267 /* Heating.swift */ = {isa = PBXFileReference; lastKnownFileType = sourcecode.swift; path = Heating.swift; sourceTree = "<group>"; };
		046B25F728A12E9900587267 /* Cooling.swift */ = {isa = PBXFileReference; lastKnownFileType = sourcecode.swift; path = Cooling.swift; sourceTree = "<group>"; };
		046B25FA28A12EAF00587267 /* AirAndPollen.swift */ = {isa = PBXFileReference; lastKnownFileType = sourcecode.swift; path = AirAndPollen.swift; sourceTree = "<group>"; };
		046B25FD28A12EDC00587267 /* Day.swift */ = {isa = PBXFileReference; lastKnownFileType = sourcecode.swift; path = Day.swift; sourceTree = "<group>"; };
		046B260028A12F3800587267 /* Rain.swift */ = {isa = PBXFileReference; lastKnownFileType = sourcecode.swift; path = Rain.swift; sourceTree = "<group>"; };
		046B260328A12F6500587267 /* Snow1.swift */ = {isa = PBXFileReference; lastKnownFileType = sourcecode.swift; path = Snow1.swift; sourceTree = "<group>"; };
		046B260628A12F8B00587267 /* Ice.swift */ = {isa = PBXFileReference; lastKnownFileType = sourcecode.swift; path = Ice.swift; sourceTree = "<group>"; };
		046B260928A12FA900587267 /* Evapotranspiration.swift */ = {isa = PBXFileReference; lastKnownFileType = sourcecode.swift; path = Evapotranspiration.swift; sourceTree = "<group>"; };
		046B260C28A12FC200587267 /* SolarIrradiance.swift */ = {isa = PBXFileReference; lastKnownFileType = sourcecode.swift; path = SolarIrradiance.swift; sourceTree = "<group>"; };
		046B260F28A1304000587267 /* Night.swift */ = {isa = PBXFileReference; lastKnownFileType = sourcecode.swift; path = Night.swift; sourceTree = "<group>"; };
		046B261228A1309900587267 /* TotalLiquid.swift */ = {isa = PBXFileReference; lastKnownFileType = sourcecode.swift; path = TotalLiquid.swift; sourceTree = "<group>"; };
		046B6DB828A0B70200D30EAA /* MoreConditionDeatailViewController.swift */ = {isa = PBXFileReference; lastKnownFileType = sourcecode.swift; path = MoreConditionDeatailViewController.swift; sourceTree = "<group>"; };
		046B6DB928A0B70200D30EAA /* MoreConditionDeatailViewController.xib */ = {isa = PBXFileReference; lastKnownFileType = file.xib; path = MoreConditionDeatailViewController.xib; sourceTree = "<group>"; };
		0476EC60289E0E780098E098 /* SettingViewController.swift */ = {isa = PBXFileReference; lastKnownFileType = sourcecode.swift; path = SettingViewController.swift; sourceTree = "<group>"; };
		0476EC61289E0E780098E098 /* SettingViewController.xib */ = {isa = PBXFileReference; lastKnownFileType = file.xib; path = SettingViewController.xib; sourceTree = "<group>"; };
		0484E7CA28A000BF00BDF82E /* LocationByGeoposition.swift */ = {isa = PBXFileReference; lastKnownFileType = sourcecode.swift; path = LocationByGeoposition.swift; sourceTree = "<group>"; };
		04A5BBC828A17EE5003D95CF /* Ice2.swift */ = {isa = PBXFileReference; fileEncoding = 4; lastKnownFileType = sourcecode.swift; path = Ice2.swift; sourceTree = "<group>"; };
		04A5BBC928A17EE5003D95CF /* Rain2.swift */ = {isa = PBXFileReference; fileEncoding = 4; lastKnownFileType = sourcecode.swift; path = Rain2.swift; sourceTree = "<group>"; };
		04A5BBCA28A17EE5003D95CF /* Temperature2.swift */ = {isa = PBXFileReference; fileEncoding = 4; lastKnownFileType = sourcecode.swift; path = Temperature2.swift; sourceTree = "<group>"; };
		04A5BBCB28A17EE5003D95CF /* WetBulbTemperature2.swift */ = {isa = PBXFileReference; fileEncoding = 4; lastKnownFileType = sourcecode.swift; path = WetBulbTemperature2.swift; sourceTree = "<group>"; };
		04A5BBCC28A17EE5003D95CF /* WindGust2.swift */ = {isa = PBXFileReference; fileEncoding = 4; lastKnownFileType = sourcecode.swift; path = WindGust2.swift; sourceTree = "<group>"; };
		04A5BBCD28A17EE5003D95CF /* DewPoint2.swift */ = {isa = PBXFileReference; fileEncoding = 4; lastKnownFileType = sourcecode.swift; path = DewPoint2.swift; sourceTree = "<group>"; };
		04A5BBCE28A17EE5003D95CF /* Ceiling2.swift */ = {isa = PBXFileReference; fileEncoding = 4; lastKnownFileType = sourcecode.swift; path = Ceiling2.swift; sourceTree = "<group>"; };
		04A5BBCF28A17EE5003D95CF /* SolarIrradiance2.swift */ = {isa = PBXFileReference; fileEncoding = 4; lastKnownFileType = sourcecode.swift; path = SolarIrradiance2.swift; sourceTree = "<group>"; };
		04A5BBD028A17EE5003D95CF /* Speed2.swift */ = {isa = PBXFileReference; fileEncoding = 4; lastKnownFileType = sourcecode.swift; path = Speed2.swift; sourceTree = "<group>"; };
		04A5BBD128A17EE5003D95CF /* Direction2.swift */ = {isa = PBXFileReference; fileEncoding = 4; lastKnownFileType = sourcecode.swift; path = Direction2.swift; sourceTree = "<group>"; };
		04A5BBD228A17EE6003D95CF /* Snow2.swift */ = {isa = PBXFileReference; fileEncoding = 4; lastKnownFileType = sourcecode.swift; path = Snow2.swift; sourceTree = "<group>"; };
		04A5BBD328A17EE6003D95CF /* Evapotranspiration2.swift */ = {isa = PBXFileReference; fileEncoding = 4; lastKnownFileType = sourcecode.swift; path = Evapotranspiration2.swift; sourceTree = "<group>"; };
		04A5BBD428A17EE6003D95CF /* Visibility2.swift */ = {isa = PBXFileReference; fileEncoding = 4; lastKnownFileType = sourcecode.swift; path = Visibility2.swift; sourceTree = "<group>"; };
		04A5BBD528A17EE6003D95CF /* Next12.swift */ = {isa = PBXFileReference; fileEncoding = 4; lastKnownFileType = sourcecode.swift; path = Next12.swift; sourceTree = "<group>"; };
		04A5BBD628A17EE6003D95CF /* TotalLiquid2.swift */ = {isa = PBXFileReference; fileEncoding = 4; lastKnownFileType = sourcecode.swift; path = TotalLiquid2.swift; sourceTree = "<group>"; };
		04A5BBD728A17EE6003D95CF /* Wind2.swift */ = {isa = PBXFileReference; fileEncoding = 4; lastKnownFileType = sourcecode.swift; path = Wind2.swift; sourceTree = "<group>"; };
		04A5BBD828A17EE6003D95CF /* RealFeelTemperatureShade2.swift */ = {isa = PBXFileReference; fileEncoding = 4; lastKnownFileType = sourcecode.swift; path = RealFeelTemperatureShade2.swift; sourceTree = "<group>"; };
		04A5BBD928A17EE6003D95CF /* RealFeelTemperature2.swift */ = {isa = PBXFileReference; fileEncoding = 4; lastKnownFileType = sourcecode.swift; path = RealFeelTemperature2.swift; sourceTree = "<group>"; };
		33C7FE7C4D8DD500791F6CF2 /* Pods-WeatherSimple.debug.xcconfig */ = {isa = PBXFileReference; includeInIndex = 1; lastKnownFileType = text.xcconfig; name = "Pods-WeatherSimple.debug.xcconfig"; path = "Target Support Files/Pods-WeatherSimple/Pods-WeatherSimple.debug.xcconfig"; sourceTree = "<group>"; };
		CB715F473D4C664C4E73F963 /* Pods_WeatherSimple.framework */ = {isa = PBXFileReference; explicitFileType = wrapper.framework; includeInIndex = 0; path = Pods_WeatherSimple.framework; sourceTree = BUILT_PRODUCTS_DIR; };
		D6113CD2178AD854D04FC8D8 /* Pods-WeatherSimple.release.xcconfig */ = {isa = PBXFileReference; includeInIndex = 1; lastKnownFileType = text.xcconfig; name = "Pods-WeatherSimple.release.xcconfig"; path = "Target Support Files/Pods-WeatherSimple/Pods-WeatherSimple.release.xcconfig"; sourceTree = "<group>"; };
/* End PBXFileReference section */

/* Begin PBXFrameworksBuildPhase section */
		04414315289CDA6F00F7179A /* Frameworks */ = {
			isa = PBXFrameworksBuildPhase;
			buildActionMask = 2147483647;
			files = (
				E210FF90CE109D1E9CA3467B /* Pods_WeatherSimple.framework in Frameworks */,
			);
			runOnlyForDeploymentPostprocessing = 0;
		};
/* End PBXFrameworksBuildPhase section */

/* Begin PBXGroup section */
		04211C16289EACD300EA848B /* Result Location */ = {
			isa = PBXGroup;
			children = (
				04494C9A289D72AC00672604 /* ResultLocationSearchTableViewCell.swift */,
				04494C9B289D72AC00672604 /* ResultLocationSearchTableViewCell.xib */,
			);
			path = "Result Location";
			sourceTree = "<group>";
		};
		04211C18289EACE000EA848B /* Favorite Location */ = {
			isa = PBXGroup;
			children = (
				04211C1A289EAD8B00EA848B /* FavoriteTableViewCell.swift */,
				04211C1B289EAD8B00EA848B /* FavoriteTableViewCell.xib */,
			);
			path = "Favorite Location";
			sourceTree = "<group>";
		};
		0430BFE2289F8AE000983786 /* CurrentLocation */ = {
			isa = PBXGroup;
			children = (
				0430BFF1289F8B0100983786 /* CurrentLocation.swift */,
				046676A7289E4D2A00A19620 /* Country.swift */,
				0430BFE5289F8B0000983786 /* ApparentTemperature.swift */,
				0430BFEE289F8B0100983786 /* Ceiling.swift */,
				0430BFEA289F8B0100983786 /* DewPoint.swift */,
				0430C003289F8B0300983786 /* Direction.swift */,
				0430BFF8289F8B0200983786 /* Imperial.swift */,
				0430BFE6289F8B0000983786 /* Maximum.swift */,
				0430BFFC289F8B0200983786 /* Metric.swift */,
				0430BFF5289F8B0200983786 /* Minimum.swift */,
				0430BFF7289F8B0200983786 /* Past3Hours.swift */,
				0430C002289F8B0300983786 /* Past6HourRange.swift */,
				0430BFFB289F8B0200983786 /* Past6Hours.swift */,
				0430C001289F8B0300983786 /* Past9Hours.swift */,
				0430BFE8289F8B0000983786 /* Past12HourRange.swift */,
				0430BFE9289F8B0100983786 /* Past12Hours.swift */,
				0430BFEB289F8B0100983786 /* Past18Hours.swift */,
				0430BFFA289F8B0200983786 /* Past24HourRange.swift */,
				0430BFFD289F8B0200983786 /* Past24Hours.swift */,
				0430BFEC289F8B0100983786 /* Past24HourTemperatureDeparture.swift */,
				0430BFE4289F8B0000983786 /* PastHour.swift */,
				0430BFE3289F8B0000983786 /* Precip1hr.swift */,
				0430BFF9289F8B0200983786 /* Precipitation.swift */,
				0430C000289F8B0300983786 /* PrecipitationSummary.swift */,
				0430BFF3289F8B0200983786 /* Pressure.swift */,
				0430BFFE289F8B0300983786 /* PressureTendency.swift */,
				0430BFE7289F8B0000983786 /* RealFeelTemperature.swift */,
				0430C004289F8B0300983786 /* RealFeelTemperatureShade.swift */,
				0430BFF2289F8B0100983786 /* Speed.swift */,
				0430BFFF289F8B0300983786 /* Temperature.swift */,
				0430BFEF289F8B0100983786 /* TemperatureSummary.swift */,
				0430C005289F8B0300983786 /* Visibility.swift */,
				0430BFF4289F8B0200983786 /* WetBulbTemperature.swift */,
				0430BFF0289F8B0100983786 /* Wind.swift */,
				0430BFF6289F8B0200983786 /* WindChillTemperature.swift */,
				0430BFED289F8B0100983786 /* WindGust.swift */,
				046676AA289E4D4600A19620 /* AdministrativeArea.swift */,
			);
			path = CurrentLocation;
			sourceTree = "<group>";
		};
		0430C02B289FA24700983786 /* Coredata */ = {
			isa = PBXGroup;
			children = (
			);
			path = Coredata;
			sourceTree = "<group>";
		};
		043E90DE28A36D6100662AB6 /* CardViewForHour */ = {
			isa = PBXGroup;
			children = (
				043E90DF28A36D9D00662AB6 /* CardViewForHourViewController.swift */,
				043E90E028A36D9D00662AB6 /* CardViewForHourViewController.xib */,
			);
			path = CardViewForHour;
			sourceTree = "<group>";
		};
		043E90F628A3982500662AB6 /* Cell */ = {
			isa = PBXGroup;
			children = (
				043E90F128A3981C00662AB6 /* HourTableViewCell.swift */,
				043E90F228A3981C00662AB6 /* HourTableViewCell.xib */,
			);
			path = Cell;
			sourceTree = "<group>";
		};
		0441430F289CDA6F00F7179A = {
			isa = PBXGroup;
			children = (
				0441431A289CDA6F00F7179A /* WeatherSimple */,
				04414319289CDA6F00F7179A /* Products */,
				3408494921FAF058506AC7E9 /* Pods */,
				E5E1B224B57154F82A7923AD /* Frameworks */,
			);
			sourceTree = "<group>";
		};
		04414319289CDA6F00F7179A /* Products */ = {
			isa = PBXGroup;
			children = (
				04414318289CDA6F00F7179A /* WeatherSimple.app */,
			);
			name = Products;
			sourceTree = "<group>";
		};
		0441431A289CDA6F00F7179A /* WeatherSimple */ = {
			isa = PBXGroup;
			children = (
				04560E7F289EA5BD005015E0 /* Test */,
				046676AD289E5B5200A19620 /* LocationModel.xcdatamodeld */,
				04414332289CDA8B00F7179A /* AppDelegate */,
				0441433C289CDB1400F7179A /* Manager */,
				0441433B289CDB0800F7179A /* Model */,
				04414333289CDAAC00F7179A /* Controller */,
				04414324289CDA7200F7179A /* Assets.xcassets */,
				04414326289CDA7200F7179A /* LaunchScreen.storyboard */,
				04414329289CDA7200F7179A /* Info.plist */,
			);
			path = WeatherSimple;
			sourceTree = "<group>";
		};
		04414332289CDA8B00F7179A /* AppDelegate */ = {
			isa = PBXGroup;
			children = (
				0441431D289CDA6F00F7179A /* SceneDelegate.swift */,
				0441431B289CDA6F00F7179A /* AppDelegate.swift */,
			);
			path = AppDelegate;
			sourceTree = "<group>";
		};
		04414333289CDAAC00F7179A /* Controller */ = {
			isa = PBXGroup;
			children = (
				04424092289CFA0500E332D9 /* MainTabBarViewController.swift */,
				04424096289CFCE200E332D9 /* MenuVc */,
				04414334289CDACB00F7179A /* TodayVC */,
				04424074289CF82C00E332D9 /* HourlyVC */,
				04424075289CF83A00E332D9 /* ByDayVC */,
				04424076289CF85300E332D9 /* RadaVC */,
				04494C8B289D60D000672604 /* SearchLocationVC */,
				0476EC5F289E0E4F0098E098 /* SettingVC */,
			);
			path = Controller;
			sourceTree = "<group>";
		};
		04414334289CDACB00F7179A /* TodayVC */ = {
			isa = PBXGroup;
			children = (
				046B6DB728A0B6CB00D30EAA /* MoreDetailVC */,
				046676D4289E680400A19620 /* Cell */,
				04414335289CDB0000F7179A /* ToDayViewController.swift */,
				04414336289CDB0000F7179A /* ToDayViewController.xib */,
				044240DB289D379200E332D9 /* CircleView.swift */,
			);
			path = TodayVC;
			sourceTree = "<group>";
		};
		0441433B289CDB0800F7179A /* Model */ = {
			isa = PBXGroup;
			children = (
				0430C02B289FA24700983786 /* Coredata */,
				046676D0289E66A300A19620 /* Location+CoreDataClass.swift */,
				046676CF289E66A300A19620 /* Location+CoreDataProperties.swift */,
				046676A3289E4CD700A19620 /* Object */,
				04494CA0289D761800672604 /* Enum */,
			);
			path = Model;
			sourceTree = "<group>";
		};
		0441433C289CDB1400F7179A /* Manager */ = {
			isa = PBXGroup;
			children = (
				0441433D289CDB3200F7179A /* APICaller.swift */,
				044240CE289D279E00E332D9 /* DataManager.swift */,
			);
			path = Manager;
			sourceTree = "<group>";
		};
		04424074289CF82C00E332D9 /* HourlyVC */ = {
			isa = PBXGroup;
			children = (
				043E90F628A3982500662AB6 /* Cell */,
				043E90DE28A36D6100662AB6 /* CardViewForHour */,
				04424077289CF86A00E332D9 /* HourlyViewController.swift */,
				04424078289CF86A00E332D9 /* HourlyViewController.xib */,
			);
			path = HourlyVC;
			sourceTree = "<group>";
		};
		04424075289CF83A00E332D9 /* ByDayVC */ = {
			isa = PBXGroup;
			children = (
				046676EF289E738B00A19620 /* CardView */,
				0442407D289CF88500E332D9 /* ByDayViewController.swift */,
				0442407E289CF88500E332D9 /* ByDayViewController.xib */,
			);
			path = ByDayVC;
			sourceTree = "<group>";
		};
		04424076289CF85300E332D9 /* RadaVC */ = {
			isa = PBXGroup;
			children = (
				04424082289CF89400E332D9 /* RadaViewController.swift */,
				04424083289CF89400E332D9 /* RadaViewController.xib */,
			);
			path = RadaVC;
			sourceTree = "<group>";
		};
		04424096289CFCE200E332D9 /* MenuVc */ = {
			isa = PBXGroup;
			children = (
				04424097289CFCFE00E332D9 /* MenuViewController.swift */,
				04424098289CFCFE00E332D9 /* MenuViewController.xib */,
				044240D5289D2BA400E332D9 /* MenuHeaderView.swift */,
				044240D8289D2C2100E332D9 /* MenuFooterView.swift */,
			);
			path = MenuVc;
			sourceTree = "<group>";
		};
		04494C8B289D60D000672604 /* SearchLocationVC */ = {
			isa = PBXGroup;
			children = (
				04494C99289D727900672604 /* Cell */,
				04494C92289D713400672604 /* ResultLocationSearch */,
				04494C8C289D611800672604 /* SearchLocationViewController.swift */,
				04494C8D289D611800672604 /* SearchLocationViewController.xib */,
			);
			path = SearchLocationVC;
			sourceTree = "<group>";
		};
		04494C92289D713400672604 /* ResultLocationSearch */ = {
			isa = PBXGroup;
			children = (
				04494C93289D718500672604 /* ResultLoctionSearchViewController.swift */,
				04494C94289D718500672604 /* ResultLoctionSearchViewController.xib */,
			);
			path = ResultLocationSearch;
			sourceTree = "<group>";
		};
		04494C99289D727900672604 /* Cell */ = {
			isa = PBXGroup;
			children = (
				04211C18289EACE000EA848B /* Favorite Location */,
				04211C16289EACD300EA848B /* Result Location */,
			);
			path = Cell;
			sourceTree = "<group>";
		};
		04494CA0289D761800672604 /* Enum */ = {
			isa = PBXGroup;
			children = (
				044240D1289D29E200E332D9 /* APIError.swift */,
				044240A3289D0A8800E332D9 /* SideMenuItem.swift */,
				0430C02D289FB0E400983786 /* MeasureType.swift */,
				0430C030289FB3F700983786 /* WindType.swift */,
				0430C033289FB41000983786 /* ShowType.swift */,
			);
			path = Enum;
			sourceTree = "<group>";
		};
		04560E7F289EA5BD005015E0 /* Test */ = {
			isa = PBXGroup;
			children = (
				046676F6289E9F5000A19620 /* TestCoredataViewController.swift */,
				046676F7289E9F5000A19620 /* TestCoredataViewController.xib */,
			);
			path = Test;
			sourceTree = "<group>";
		};
		046676A3289E4CD700A19620 /* Object */ = {
			isa = PBXGroup;
			children = (
				04A5BBC728A17E2A003D95CF /* next12 */,
				046B25E128A12CDB00587267 /* DayNight */,
				0430BFE2289F8AE000983786 /* CurrentLocation */,
				046676A4289E4CF500A19620 /* SearchLocation.swift */,
				0484E7CA28A000BF00BDF82E /* LocationByGeoposition.swift */,
			);
			path = Object;
			sourceTree = "<group>";
		};
		046676D4289E680400A19620 /* Cell */ = {
			isa = PBXGroup;
			children = (
				046676D9289E687C00A19620 /* AirCell */,
				046676D8289E686A00A19620 /* ConditonCell */,
				046676D6289E684800A19620 /* WeatherCell */,
			);
			path = Cell;
			sourceTree = "<group>";
		};
		046676D6289E684800A19620 /* WeatherCell */ = {
			isa = PBXGroup;
			children = (
				046676DA289E68AA00A19620 /* WeatherCollectionViewCell.swift */,
				046676DB289E68AA00A19620 /* WeatherCollectionViewCell.xib */,
			);
			path = WeatherCell;
			sourceTree = "<group>";
		};
		046676D8289E686A00A19620 /* ConditonCell */ = {
			isa = PBXGroup;
			children = (
				046676E5289E68D200A19620 /* ConditionCollectionViewCell.swift */,
				046676E6289E68D200A19620 /* ConditionCollectionViewCell.xib */,
			);
			path = ConditonCell;
			sourceTree = "<group>";
		};
		046676D9289E687C00A19620 /* AirCell */ = {
			isa = PBXGroup;
			children = (
				046676EA289E68E800A19620 /* AirConditonCollectionViewCell.swift */,
				046676EB289E68E800A19620 /* AirConditonCollectionViewCell.xib */,
			);
			path = AirCell;
			sourceTree = "<group>";
		};
		046676EF289E738B00A19620 /* CardView */ = {
			isa = PBXGroup;
			children = (
				046676F0289E73AD00A19620 /* CardViewViewController.swift */,
				046676F1289E73AD00A19620 /* CardViewViewController.xib */,
			);
			path = CardView;
			sourceTree = "<group>";
		};
		046B25E128A12CDB00587267 /* DayNight */ = {
			isa = PBXGroup;
			children = (
				046B25E228A12CF900587267 /* DayNight.swift */,
				046B25E528A12D3200587267 /* Headline.swift */,
				046B25E828A12D5B00587267 /* DailyForecasts.swift */,
				046B25EB28A12DE100587267 /* Sun.swift */,
				046B25EE28A12DF800587267 /* Moon.swift */,
				046B25F128A12E5200587267 /* DegreeDaySummary.swift */,
				046B25F428A12E6800587267 /* Heating.swift */,
				046B25F728A12E9900587267 /* Cooling.swift */,
				046B25FA28A12EAF00587267 /* AirAndPollen.swift */,
				046B25FD28A12EDC00587267 /* Day.swift */,
				046B260028A12F3800587267 /* Rain.swift */,
				046B260328A12F6500587267 /* Snow1.swift */,
				046B260628A12F8B00587267 /* Ice.swift */,
				046B260928A12FA900587267 /* Evapotranspiration.swift */,
				046B260C28A12FC200587267 /* SolarIrradiance.swift */,
				046B260F28A1304000587267 /* Night.swift */,
				046B261228A1309900587267 /* TotalLiquid.swift */,
			);
			path = DayNight;
			sourceTree = "<group>";
		};
		046B6DB728A0B6CB00D30EAA /* MoreDetailVC */ = {
			isa = PBXGroup;
			children = (
				046B6DB828A0B70200D30EAA /* MoreConditionDeatailViewController.swift */,
				046B6DB928A0B70200D30EAA /* MoreConditionDeatailViewController.xib */,
			);
			path = MoreDetailVC;
			sourceTree = "<group>";
		};
		0476EC5F289E0E4F0098E098 /* SettingVC */ = {
			isa = PBXGroup;
			children = (
				0476EC60289E0E780098E098 /* SettingViewController.swift */,
				0476EC61289E0E780098E098 /* SettingViewController.xib */,
			);
			path = SettingVC;
			sourceTree = "<group>";
		};
		04A5BBC728A17E2A003D95CF /* next12 */ = {
			isa = PBXGroup;
			children = (
				04A5BBD528A17EE6003D95CF /* Next12.swift */,
				04A5BBCE28A17EE5003D95CF /* Ceiling2.swift */,
				04A5BBCD28A17EE5003D95CF /* DewPoint2.swift */,
				04A5BBD128A17EE5003D95CF /* Direction2.swift */,
				04A5BBD328A17EE6003D95CF /* Evapotranspiration2.swift */,
				04A5BBC828A17EE5003D95CF /* Ice2.swift */,
				04A5BBC928A17EE5003D95CF /* Rain2.swift */,
				04A5BBD928A17EE6003D95CF /* RealFeelTemperature2.swift */,
				04A5BBD828A17EE6003D95CF /* RealFeelTemperatureShade2.swift */,
				04A5BBD228A17EE6003D95CF /* Snow2.swift */,
				04A5BBCF28A17EE5003D95CF /* SolarIrradiance2.swift */,
				04A5BBD028A17EE5003D95CF /* Speed2.swift */,
				04A5BBCA28A17EE5003D95CF /* Temperature2.swift */,
				04A5BBD628A17EE6003D95CF /* TotalLiquid2.swift */,
				04A5BBD428A17EE6003D95CF /* Visibility2.swift */,
				04A5BBCB28A17EE5003D95CF /* WetBulbTemperature2.swift */,
				04A5BBD728A17EE6003D95CF /* Wind2.swift */,
				04A5BBCC28A17EE5003D95CF /* WindGust2.swift */,
			);
			path = next12;
			sourceTree = "<group>";
		};
		3408494921FAF058506AC7E9 /* Pods */ = {
			isa = PBXGroup;
			children = (
				33C7FE7C4D8DD500791F6CF2 /* Pods-WeatherSimple.debug.xcconfig */,
				D6113CD2178AD854D04FC8D8 /* Pods-WeatherSimple.release.xcconfig */,
			);
			path = Pods;
			sourceTree = "<group>";
		};
		E5E1B224B57154F82A7923AD /* Frameworks */ = {
			isa = PBXGroup;
			children = (
				CB715F473D4C664C4E73F963 /* Pods_WeatherSimple.framework */,
			);
			name = Frameworks;
			sourceTree = "<group>";
		};
/* End PBXGroup section */

/* Begin PBXNativeTarget section */
		04414317289CDA6F00F7179A /* WeatherSimple */ = {
			isa = PBXNativeTarget;
			buildConfigurationList = 0441432C289CDA7200F7179A /* Build configuration list for PBXNativeTarget "WeatherSimple" */;
			buildPhases = (
				64C783B0E7D52EBD5F50EF80 /* [CP] Check Pods Manifest.lock */,
				04414314289CDA6F00F7179A /* Sources */,
				04414315289CDA6F00F7179A /* Frameworks */,
				04414316289CDA6F00F7179A /* Resources */,
				A4F7131D94B08B1356B3286D /* [CP] Embed Pods Frameworks */,
			);
			buildRules = (
			);
			dependencies = (
			);
			name = WeatherSimple;
			productName = WeatherSimple;
			productReference = 04414318289CDA6F00F7179A /* WeatherSimple.app */;
			productType = "com.apple.product-type.application";
		};
/* End PBXNativeTarget section */

/* Begin PBXProject section */
		04414310289CDA6F00F7179A /* Project object */ = {
			isa = PBXProject;
			attributes = {
				LastSwiftUpdateCheck = 1240;
				LastUpgradeCheck = 1240;
				TargetAttributes = {
					04414317289CDA6F00F7179A = {
						CreatedOnToolsVersion = 12.4;
					};
				};
			};
			buildConfigurationList = 04414313289CDA6F00F7179A /* Build configuration list for PBXProject "WeatherSimple" */;
			compatibilityVersion = "Xcode 9.3";
			developmentRegion = en;
			hasScannedForEncodings = 0;
			knownRegions = (
				en,
				Base,
			);
			mainGroup = 0441430F289CDA6F00F7179A;
			productRefGroup = 04414319289CDA6F00F7179A /* Products */;
			projectDirPath = "";
			projectRoot = "";
			targets = (
				04414317289CDA6F00F7179A /* WeatherSimple */,
			);
		};
/* End PBXProject section */

/* Begin PBXResourcesBuildPhase section */
		04414316289CDA6F00F7179A /* Resources */ = {
			isa = PBXResourcesBuildPhase;
			buildActionMask = 2147483647;
			files = (
				04424085289CF89400E332D9 /* RadaViewController.xib in Resources */,
				04424080289CF88500E332D9 /* ByDayViewController.xib in Resources */,
				04414328289CDA7200F7179A /* LaunchScreen.storyboard in Resources */,
				04494C9D289D72AC00672604 /* ResultLocationSearchTableViewCell.xib in Resources */,
				04414338289CDB0000F7179A /* ToDayViewController.xib in Resources */,
				04211C1D289EAD8B00EA848B /* FavoriteTableViewCell.xib in Resources */,
				046676DD289E68AA00A19620 /* WeatherCollectionViewCell.xib in Resources */,
				046676F9289E9F5000A19620 /* TestCoredataViewController.xib in Resources */,
				04494C96289D718500672604 /* ResultLoctionSearchViewController.xib in Resources */,
				04414325289CDA7200F7179A /* Assets.xcassets in Resources */,
				043E90E228A36D9D00662AB6 /* CardViewForHourViewController.xib in Resources */,
				0476EC63289E0E780098E098 /* SettingViewController.xib in Resources */,
				046676ED289E68E800A19620 /* AirConditonCollectionViewCell.xib in Resources */,
				046676E8289E68D200A19620 /* ConditionCollectionViewCell.xib in Resources */,
				0442409A289CFCFE00E332D9 /* MenuViewController.xib in Resources */,
				043E90F428A3981C00662AB6 /* HourTableViewCell.xib in Resources */,
				04494C8F289D611800672604 /* SearchLocationViewController.xib in Resources */,
				0442407A289CF86A00E332D9 /* HourlyViewController.xib in Resources */,
				046676F3289E73AD00A19620 /* CardViewViewController.xib in Resources */,
				046B6DBB28A0B70200D30EAA /* MoreConditionDeatailViewController.xib in Resources */,
			);
			runOnlyForDeploymentPostprocessing = 0;
		};
/* End PBXResourcesBuildPhase section */

/* Begin PBXShellScriptBuildPhase section */
		64C783B0E7D52EBD5F50EF80 /* [CP] Check Pods Manifest.lock */ = {
			isa = PBXShellScriptBuildPhase;
			buildActionMask = 2147483647;
			files = (
			);
			inputFileListPaths = (
			);
			inputPaths = (
				"${PODS_PODFILE_DIR_PATH}/Podfile.lock",
				"${PODS_ROOT}/Manifest.lock",
			);
			name = "[CP] Check Pods Manifest.lock";
			outputFileListPaths = (
			);
			outputPaths = (
				"$(DERIVED_FILE_DIR)/Pods-WeatherSimple-checkManifestLockResult.txt",
			);
			runOnlyForDeploymentPostprocessing = 0;
			shellPath = /bin/sh;
			shellScript = "diff \"${PODS_PODFILE_DIR_PATH}/Podfile.lock\" \"${PODS_ROOT}/Manifest.lock\" > /dev/null\nif [ $? != 0 ] ; then\n    # print error to STDERR\n    echo \"error: The sandbox is not in sync with the Podfile.lock. Run 'pod install' or update your CocoaPods installation.\" >&2\n    exit 1\nfi\n# This output is used by Xcode 'outputs' to avoid re-running this script phase.\necho \"SUCCESS\" > \"${SCRIPT_OUTPUT_FILE_0}\"\n";
			showEnvVarsInLog = 0;
		};
		A4F7131D94B08B1356B3286D /* [CP] Embed Pods Frameworks */ = {
			isa = PBXShellScriptBuildPhase;
			buildActionMask = 2147483647;
			files = (
			);
			inputFileListPaths = (
				"${PODS_ROOT}/Target Support Files/Pods-WeatherSimple/Pods-WeatherSimple-frameworks-${CONFIGURATION}-input-files.xcfilelist",
			);
			name = "[CP] Embed Pods Frameworks";
			outputFileListPaths = (
				"${PODS_ROOT}/Target Support Files/Pods-WeatherSimple/Pods-WeatherSimple-frameworks-${CONFIGURATION}-output-files.xcfilelist",
			);
			runOnlyForDeploymentPostprocessing = 0;
			shellPath = /bin/sh;
			shellScript = "\"${PODS_ROOT}/Target Support Files/Pods-WeatherSimple/Pods-WeatherSimple-frameworks.sh\"\n";
			showEnvVarsInLog = 0;
		};
/* End PBXShellScriptBuildPhase section */

/* Begin PBXSourcesBuildPhase section */
		04414314289CDA6F00F7179A /* Sources */ = {
			isa = PBXSourcesBuildPhase;
			buildActionMask = 2147483647;
			files = (
				044240D9289D2C2100E332D9 /* MenuFooterView.swift in Sources */,
				0441431C289CDA6F00F7179A /* AppDelegate.swift in Sources */,
				04A5BBE928A17EE6003D95CF /* Wind2.swift in Sources */,
				04A5BBDA28A17EE6003D95CF /* Ice2.swift in Sources */,
				0430C028289F8B0300983786 /* Visibility.swift in Sources */,
				0430C014289F8B0300983786 /* CurrentLocation.swift in Sources */,
				04A5BBDD28A17EE6003D95CF /* WetBulbTemperature2.swift in Sources */,
				046B260A28A12FA900587267 /* Evapotranspiration.swift in Sources */,
				04A5BBDC28A17EE6003D95CF /* Temperature2.swift in Sources */,
				0430C02E289FB0E400983786 /* MeasureType.swift in Sources */,
				0430C010289F8B0300983786 /* WindGust.swift in Sources */,
				044240D2289D29E200E332D9 /* APIError.swift in Sources */,
				046B261328A1309900587267 /* TotalLiquid.swift in Sources */,
				0430C024289F8B0300983786 /* Past9Hours.swift in Sources */,
				0430C016289F8B0300983786 /* Pressure.swift in Sources */,
				0430C00D289F8B0300983786 /* DewPoint.swift in Sources */,
				0430C025289F8B0300983786 /* Past6HourRange.swift in Sources */,
				04A5BBEB28A17EE6003D95CF /* RealFeelTemperature2.swift in Sources */,
				04A5BBE828A17EE6003D95CF /* TotalLiquid2.swift in Sources */,
				04A5BBDE28A17EE6003D95CF /* WindGust2.swift in Sources */,
				04494C95289D718500672604 /* ResultLoctionSearchViewController.swift in Sources */,
				046B260D28A12FC200587267 /* SolarIrradiance.swift in Sources */,
				046B25E928A12D5B00587267 /* DailyForecasts.swift in Sources */,
				0430C027289F8B0300983786 /* RealFeelTemperatureShade.swift in Sources */,
				0430C022289F8B0300983786 /* Temperature.swift in Sources */,
				046676F8289E9F5000A19620 /* TestCoredataViewController.swift in Sources */,
				04A5BBE528A17EE6003D95CF /* Evapotranspiration2.swift in Sources */,
				0430C01F289F8B0300983786 /* Metric.swift in Sources */,
				04414337289CDB0000F7179A /* ToDayViewController.swift in Sources */,
				046B25E628A12D3200587267 /* Headline.swift in Sources */,
				0430C023289F8B0300983786 /* PrecipitationSummary.swift in Sources */,
				04424084289CF89400E332D9 /* RadaViewController.swift in Sources */,
				04424093289CFA0500E332D9 /* MainTabBarViewController.swift in Sources */,
				046B25FB28A12EAF00587267 /* AirAndPollen.swift in Sources */,
				043E90E128A36D9D00662AB6 /* CardViewForHourViewController.swift in Sources */,
				046B25F828A12E9900587267 /* Cooling.swift in Sources */,
				0430C008289F8B0300983786 /* ApparentTemperature.swift in Sources */,
				0430C013289F8B0300983786 /* Wind.swift in Sources */,
				0430C017289F8B0300983786 /* WetBulbTemperature.swift in Sources */,
				0430C021289F8B0300983786 /* PressureTendency.swift in Sources */,
				0430C01C289F8B0300983786 /* Precipitation.swift in Sources */,
				046B25E328A12CF900587267 /* DayNight.swift in Sources */,
				0430C031289FB3F700983786 /* WindType.swift in Sources */,
				046676F2289E73AD00A19620 /* CardViewViewController.swift in Sources */,
				0430C009289F8B0300983786 /* Maximum.swift in Sources */,
				046B25F228A12E5200587267 /* DegreeDaySummary.swift in Sources */,
				046676A8289E4D2A00A19620 /* Country.swift in Sources */,
				046676D1289E66A300A19620 /* Location+CoreDataProperties.swift in Sources */,
				044240DC289D379200E332D9 /* CircleView.swift in Sources */,
				0430C00F289F8B0300983786 /* Past24HourTemperatureDeparture.swift in Sources */,
				046B6DBA28A0B70200D30EAA /* MoreConditionDeatailViewController.swift in Sources */,
				0430C00C289F8B0300983786 /* Past12Hours.swift in Sources */,
				0430C006289F8B0300983786 /* Precip1hr.swift in Sources */,
				0430C034289FB41000983786 /* ShowType.swift in Sources */,
				0430C01A289F8B0300983786 /* Past3Hours.swift in Sources */,
				0430C01D289F8B0300983786 /* Past24HourRange.swift in Sources */,
				04A5BBEA28A17EE6003D95CF /* RealFeelTemperatureShade2.swift in Sources */,
				046B25F528A12E6800587267 /* Heating.swift in Sources */,
				04A5BBE228A17EE6003D95CF /* Speed2.swift in Sources */,
				043E90F328A3981C00662AB6 /* HourTableViewCell.swift in Sources */,
				046B260728A12F8B00587267 /* Ice.swift in Sources */,
				04494C8E289D611800672604 /* SearchLocationViewController.swift in Sources */,
				04A5BBE128A17EE6003D95CF /* SolarIrradiance2.swift in Sources */,
				046676DC289E68AA00A19620 /* WeatherCollectionViewCell.swift in Sources */,
				04494C9C289D72AC00672604 /* ResultLocationSearchTableViewCell.swift in Sources */,
				04A5BBE328A17EE6003D95CF /* Direction2.swift in Sources */,
				0430C01B289F8B0300983786 /* Imperial.swift in Sources */,
				0430C01E289F8B0300983786 /* Past6Hours.swift in Sources */,
				0484E7CB28A000BF00BDF82E /* LocationByGeoposition.swift in Sources */,
				0430C026289F8B0300983786 /* Direction.swift in Sources */,
				04424099289CFCFE00E332D9 /* MenuViewController.swift in Sources */,
				046676D2289E66A300A19620 /* Location+CoreDataClass.swift in Sources */,
				0441431E289CDA6F00F7179A /* SceneDelegate.swift in Sources */,
				044240D6289D2BA400E332D9 /* MenuHeaderView.swift in Sources */,
				04A5BBE028A17EE6003D95CF /* Ceiling2.swift in Sources */,
				0430C020289F8B0300983786 /* Past24Hours.swift in Sources */,
				04A5BBDB28A17EE6003D95CF /* Rain2.swift in Sources */,
				046676E7289E68D200A19620 /* ConditionCollectionViewCell.swift in Sources */,
				046B25EF28A12DF800587267 /* Moon.swift in Sources */,
				046B25FE28A12EDC00587267 /* Day.swift in Sources */,
				044240A4289D0A8800E332D9 /* SideMenuItem.swift in Sources */,
				046B260128A12F3800587267 /* Rain.swift in Sources */,
				0430C012289F8B0300983786 /* TemperatureSummary.swift in Sources */,
				04A5BBE728A17EE6003D95CF /* Next12.swift in Sources */,
				046676EC289E68E800A19620 /* AirConditonCollectionViewCell.swift in Sources */,
				0430C00A289F8B0300983786 /* RealFeelTemperature.swift in Sources */,
				04A5BBE428A17EE6003D95CF /* Snow2.swift in Sources */,
				04424079289CF86A00E332D9 /* HourlyViewController.swift in Sources */,
				0430C00B289F8B0300983786 /* Past12HourRange.swift in Sources */,
				044240CF289D279E00E332D9 /* DataManager.swift in Sources */,
				04211C1C289EAD8B00EA848B /* FavoriteTableViewCell.swift in Sources */,
				0476EC62289E0E780098E098 /* SettingViewController.swift in Sources */,
				04A5BBE628A17EE6003D95CF /* Visibility2.swift in Sources */,
				0430C015289F8B0300983786 /* Speed.swift in Sources */,
				046676AF289E5B5200A19620 /* LocationModel.xcdatamodeld in Sources */,
				046B25EC28A12DE100587267 /* Sun.swift in Sources */,
				04A5BBDF28A17EE6003D95CF /* DewPoint2.swift in Sources */,
				0442407F289CF88500E332D9 /* ByDayViewController.swift in Sources */,
				046676A5289E4CF500A19620 /* SearchLocation.swift in Sources */,
				046676AB289E4D4600A19620 /* AdministrativeArea.swift in Sources */,
				046B261028A1304000587267 /* Night.swift in Sources */,
				0430C00E289F8B0300983786 /* Past18Hours.swift in Sources */,
				0441433E289CDB3200F7179A /* APICaller.swift in Sources */,
				0430C018289F8B0300983786 /* Minimum.swift in Sources */,
				0430C019289F8B0300983786 /* WindChillTemperature.swift in Sources */,
				0430C007289F8B0300983786 /* PastHour.swift in Sources */,
				046B260428A12F6500587267 /* Snow1.swift in Sources */,
				0430C011289F8B0300983786 /* Ceiling.swift in Sources */,
			);
			runOnlyForDeploymentPostprocessing = 0;
		};
/* End PBXSourcesBuildPhase section */

/* Begin PBXVariantGroup section */
		04414326289CDA7200F7179A /* LaunchScreen.storyboard */ = {
			isa = PBXVariantGroup;
			children = (
				04414327289CDA7200F7179A /* Base */,
			);
			name = LaunchScreen.storyboard;
			sourceTree = "<group>";
		};
/* End PBXVariantGroup section */

/* Begin XCBuildConfiguration section */
		0441432A289CDA7200F7179A /* Debug */ = {
			isa = XCBuildConfiguration;
			buildSettings = {
				ALWAYS_SEARCH_USER_PATHS = NO;
				CLANG_ANALYZER_NONNULL = YES;
				CLANG_ANALYZER_NUMBER_OBJECT_CONVERSION = YES_AGGRESSIVE;
				CLANG_CXX_LANGUAGE_STANDARD = "gnu++14";
				CLANG_CXX_LIBRARY = "libc++";
				CLANG_ENABLE_MODULES = YES;
				CLANG_ENABLE_OBJC_ARC = YES;
				CLANG_ENABLE_OBJC_WEAK = YES;
				CLANG_WARN_BLOCK_CAPTURE_AUTORELEASING = YES;
				CLANG_WARN_BOOL_CONVERSION = YES;
				CLANG_WARN_COMMA = YES;
				CLANG_WARN_CONSTANT_CONVERSION = YES;
				CLANG_WARN_DEPRECATED_OBJC_IMPLEMENTATIONS = YES;
				CLANG_WARN_DIRECT_OBJC_ISA_USAGE = YES_ERROR;
				CLANG_WARN_DOCUMENTATION_COMMENTS = YES;
				CLANG_WARN_EMPTY_BODY = YES;
				CLANG_WARN_ENUM_CONVERSION = YES;
				CLANG_WARN_INFINITE_RECURSION = YES;
				CLANG_WARN_INT_CONVERSION = YES;
				CLANG_WARN_NON_LITERAL_NULL_CONVERSION = YES;
				CLANG_WARN_OBJC_IMPLICIT_RETAIN_SELF = YES;
				CLANG_WARN_OBJC_LITERAL_CONVERSION = YES;
				CLANG_WARN_OBJC_ROOT_CLASS = YES_ERROR;
				CLANG_WARN_QUOTED_INCLUDE_IN_FRAMEWORK_HEADER = YES;
				CLANG_WARN_RANGE_LOOP_ANALYSIS = YES;
				CLANG_WARN_STRICT_PROTOTYPES = YES;
				CLANG_WARN_SUSPICIOUS_MOVE = YES;
				CLANG_WARN_UNGUARDED_AVAILABILITY = YES_AGGRESSIVE;
				CLANG_WARN_UNREACHABLE_CODE = YES;
				CLANG_WARN__DUPLICATE_METHOD_MATCH = YES;
				COPY_PHASE_STRIP = NO;
				DEBUG_INFORMATION_FORMAT = dwarf;
				ENABLE_STRICT_OBJC_MSGSEND = YES;
				ENABLE_TESTABILITY = YES;
				GCC_C_LANGUAGE_STANDARD = gnu11;
				GCC_DYNAMIC_NO_PIC = NO;
				GCC_NO_COMMON_BLOCKS = YES;
				GCC_OPTIMIZATION_LEVEL = 0;
				GCC_PREPROCESSOR_DEFINITIONS = (
					"DEBUG=1",
					"$(inherited)",
				);
				GCC_WARN_64_TO_32_BIT_CONVERSION = YES;
				GCC_WARN_ABOUT_RETURN_TYPE = YES_ERROR;
				GCC_WARN_UNDECLARED_SELECTOR = YES;
				GCC_WARN_UNINITIALIZED_AUTOS = YES_AGGRESSIVE;
				GCC_WARN_UNUSED_FUNCTION = YES;
				GCC_WARN_UNUSED_VARIABLE = YES;
				IPHONEOS_DEPLOYMENT_TARGET = 14.4;
				MTL_ENABLE_DEBUG_INFO = INCLUDE_SOURCE;
				MTL_FAST_MATH = YES;
				ONLY_ACTIVE_ARCH = YES;
				SDKROOT = iphoneos;
				SWIFT_ACTIVE_COMPILATION_CONDITIONS = DEBUG;
				SWIFT_OPTIMIZATION_LEVEL = "-Onone";
			};
			name = Debug;
		};
		0441432B289CDA7200F7179A /* Release */ = {
			isa = XCBuildConfiguration;
			buildSettings = {
				ALWAYS_SEARCH_USER_PATHS = NO;
				CLANG_ANALYZER_NONNULL = YES;
				CLANG_ANALYZER_NUMBER_OBJECT_CONVERSION = YES_AGGRESSIVE;
				CLANG_CXX_LANGUAGE_STANDARD = "gnu++14";
				CLANG_CXX_LIBRARY = "libc++";
				CLANG_ENABLE_MODULES = YES;
				CLANG_ENABLE_OBJC_ARC = YES;
				CLANG_ENABLE_OBJC_WEAK = YES;
				CLANG_WARN_BLOCK_CAPTURE_AUTORELEASING = YES;
				CLANG_WARN_BOOL_CONVERSION = YES;
				CLANG_WARN_COMMA = YES;
				CLANG_WARN_CONSTANT_CONVERSION = YES;
				CLANG_WARN_DEPRECATED_OBJC_IMPLEMENTATIONS = YES;
				CLANG_WARN_DIRECT_OBJC_ISA_USAGE = YES_ERROR;
				CLANG_WARN_DOCUMENTATION_COMMENTS = YES;
				CLANG_WARN_EMPTY_BODY = YES;
				CLANG_WARN_ENUM_CONVERSION = YES;
				CLANG_WARN_INFINITE_RECURSION = YES;
				CLANG_WARN_INT_CONVERSION = YES;
				CLANG_WARN_NON_LITERAL_NULL_CONVERSION = YES;
				CLANG_WARN_OBJC_IMPLICIT_RETAIN_SELF = YES;
				CLANG_WARN_OBJC_LITERAL_CONVERSION = YES;
				CLANG_WARN_OBJC_ROOT_CLASS = YES_ERROR;
				CLANG_WARN_QUOTED_INCLUDE_IN_FRAMEWORK_HEADER = YES;
				CLANG_WARN_RANGE_LOOP_ANALYSIS = YES;
				CLANG_WARN_STRICT_PROTOTYPES = YES;
				CLANG_WARN_SUSPICIOUS_MOVE = YES;
				CLANG_WARN_UNGUARDED_AVAILABILITY = YES_AGGRESSIVE;
				CLANG_WARN_UNREACHABLE_CODE = YES;
				CLANG_WARN__DUPLICATE_METHOD_MATCH = YES;
				COPY_PHASE_STRIP = NO;
				DEBUG_INFORMATION_FORMAT = "dwarf-with-dsym";
				ENABLE_NS_ASSERTIONS = NO;
				ENABLE_STRICT_OBJC_MSGSEND = YES;
				GCC_C_LANGUAGE_STANDARD = gnu11;
				GCC_NO_COMMON_BLOCKS = YES;
				GCC_WARN_64_TO_32_BIT_CONVERSION = YES;
				GCC_WARN_ABOUT_RETURN_TYPE = YES_ERROR;
				GCC_WARN_UNDECLARED_SELECTOR = YES;
				GCC_WARN_UNINITIALIZED_AUTOS = YES_AGGRESSIVE;
				GCC_WARN_UNUSED_FUNCTION = YES;
				GCC_WARN_UNUSED_VARIABLE = YES;
				IPHONEOS_DEPLOYMENT_TARGET = 14.4;
				MTL_ENABLE_DEBUG_INFO = NO;
				MTL_FAST_MATH = YES;
				SDKROOT = iphoneos;
				SWIFT_COMPILATION_MODE = wholemodule;
				SWIFT_OPTIMIZATION_LEVEL = "-O";
				VALIDATE_PRODUCT = YES;
			};
			name = Release;
		};
		0441432D289CDA7200F7179A /* Debug */ = {
			isa = XCBuildConfiguration;
			baseConfigurationReference = 33C7FE7C4D8DD500791F6CF2 /* Pods-WeatherSimple.debug.xcconfig */;
			buildSettings = {
				ASSETCATALOG_COMPILER_APPICON_NAME = AppIcon;
				ASSETCATALOG_COMPILER_GLOBAL_ACCENT_COLOR_NAME = AccentColor;
				CODE_SIGN_STYLE = Automatic;
				DEVELOPMENT_TEAM = GL4HTALFYE;
				INFOPLIST_FILE = WeatherSimple/Info.plist;
				LD_RUNPATH_SEARCH_PATHS = (
					"$(inherited)",
					"@executable_path/Frameworks",
				);
				PRODUCT_BUNDLE_IDENTIFIER = b.WeatherSimple;
				PRODUCT_NAME = "$(TARGET_NAME)";
				SWIFT_VERSION = 5.0;
				TARGETED_DEVICE_FAMILY = "1,2";
			};
			name = Debug;
		};
		0441432E289CDA7200F7179A /* Release */ = {
			isa = XCBuildConfiguration;
			baseConfigurationReference = D6113CD2178AD854D04FC8D8 /* Pods-WeatherSimple.release.xcconfig */;
			buildSettings = {
				ASSETCATALOG_COMPILER_APPICON_NAME = AppIcon;
				ASSETCATALOG_COMPILER_GLOBAL_ACCENT_COLOR_NAME = AccentColor;
				CODE_SIGN_STYLE = Automatic;
				DEVELOPMENT_TEAM = GL4HTALFYE;
				INFOPLIST_FILE = WeatherSimple/Info.plist;
				LD_RUNPATH_SEARCH_PATHS = (
					"$(inherited)",
					"@executable_path/Frameworks",
				);
				PRODUCT_BUNDLE_IDENTIFIER = b.WeatherSimple;
				PRODUCT_NAME = "$(TARGET_NAME)";
				SWIFT_VERSION = 5.0;
				TARGETED_DEVICE_FAMILY = "1,2";
			};
			name = Release;
		};
/* End XCBuildConfiguration section */

/* Begin XCConfigurationList section */
		04414313289CDA6F00F7179A /* Build configuration list for PBXProject "WeatherSimple" */ = {
			isa = XCConfigurationList;
			buildConfigurations = (
				0441432A289CDA7200F7179A /* Debug */,
				0441432B289CDA7200F7179A /* Release */,
			);
			defaultConfigurationIsVisible = 0;
			defaultConfigurationName = Release;
		};
		0441432C289CDA7200F7179A /* Build configuration list for PBXNativeTarget "WeatherSimple" */ = {
			isa = XCConfigurationList;
			buildConfigurations = (
				0441432D289CDA7200F7179A /* Debug */,
				0441432E289CDA7200F7179A /* Release */,
			);
			defaultConfigurationIsVisible = 0;
			defaultConfigurationName = Release;
		};
/* End XCConfigurationList section */

/* Begin XCVersionGroup section */
		046676AD289E5B5200A19620 /* LocationModel.xcdatamodeld */ = {
			isa = XCVersionGroup;
			children = (
				046676AE289E5B5200A19620 /* LocationModel.xcdatamodel */,
			);
			currentVersion = 046676AE289E5B5200A19620 /* LocationModel.xcdatamodel */;
			path = LocationModel.xcdatamodeld;
			sourceTree = "<group>";
			versionGroupType = wrapper.xcdatamodel;
		};
/* End XCVersionGroup section */
	};
	rootObject = 04414310289CDA6F00F7179A /* Project object */;
}
